
Microsoft Visual Studio Solution File, Format Version 12.00
# Visual Studio Version 17
VisualStudioVersion = 17.0.31903.59
MinimumVisualStudioVersion = 10.0.40219.1
Project("{2150E333-8FDC-42A3-9474-1A3956D46DE8}") = "Sample", "Sample", "{7F79C782-476D-4995-9D05-0FEF15D8F83B}"
EndProject
Project("{FAE04EC0-301F-11D3-BF4B-00C04F79EFBC}") = "BlazorServerSample", "Sample\BlazorServerSample\BlazorServerSample.csproj", "{30A77E10-B3C5-4594-9824-CD2B7437D0C7}"
EndProject
Project("{2150E333-8FDC-42A3-9474-1A3956D46DE8}") = "src", "src", "{3E948AEA-9F1E-4483-810D-42D475D9F94F}"
EndProject
Project("{FAE04EC0-301F-11D3-BF4B-00C04F79EFBC}") = "ALib.BlazorServerSimpleAuth", "src\ALib.BlazorServerSimpleAuth\ALib.BlazorServerSimpleAuth.csproj", "{5FD4E53E-9167-42D4-8725-5F3EB5B955A6}"
EndProject
Global
	GlobalSection(SolutionConfigurationPlatforms) = preSolution
		Debug|Any CPU = Debug|Any CPU
		Release|Any CPU = Release|Any CPU
	EndGlobalSection
	GlobalSection(SolutionProperties) = preSolution
		HideSolutionNode = FALSE
	EndGlobalSection
	GlobalSection(ProjectConfigurationPlatforms) = postSolution
		{30A77E10-B3C5-4594-9824-CD2B7437D0C7}.Debug|Any CPU.ActiveCfg = Debug|Any CPU
		{30A77E10-B3C5-4594-9824-CD2B7437D0C7}.Debug|Any CPU.Build.0 = Debug|Any CPU
		{30A77E10-B3C5-4594-9824-CD2B7437D0C7}.Release|Any CPU.ActiveCfg = Release|Any CPU
		{30A77E10-B3C5-4594-9824-CD2B7437D0C7}.Release|Any CPU.Build.0 = Release|Any CPU
		{5FD4E53E-9167-42D4-8725-5F3EB5B955A6}.Debug|Any CPU.ActiveCfg = Debug|Any CPU
		{5FD4E53E-9167-42D4-8725-5F3EB5B955A6}.Debug|Any CPU.Build.0 = Debug|Any CPU
		{5FD4E53E-9167-42D4-8725-5F3EB5B955A6}.Release|Any CPU.ActiveCfg = Release|Any CPU
		{5FD4E53E-9167-42D4-8725-5F3EB5B955A6}.Release|Any CPU.Build.0 = Release|Any CPU
	EndGlobalSection
	GlobalSection(NestedProjects) = preSolution
		{30A77E10-B3C5-4594-9824-CD2B7437D0C7} = {7F79C782-476D-4995-9D05-0FEF15D8F83B}
		{5FD4E53E-9167-42D4-8725-5F3EB5B955A6} = {3E948AEA-9F1E-4483-810D-42D475D9F94F}
	EndGlobalSection
EndGlobal
